
Microsoft Visual Studio Solution File, Format Version 12.00
# Visual Studio 15
VisualStudioVersion = 15.0.28307.960
MinimumVisualStudioVersion = 10.0.40219.1
Project("{FAE04EC0-301F-11D3-BF4B-00C04F79EFBC}") = "icar_registry", "icar_registry\icar_registry.csproj", "{AFE06F3D-17D8-4B28-889C-668F76C2BBA0}"
EndProject
Global
	GlobalSection(SolutionConfigurationPlatforms) = preSolution
		Debug|Any CPU = Debug|Any CPU
		Release|Any CPU = Release|Any CPU
	EndGlobalSection
	GlobalSection(ProjectConfigurationPlatforms) = postSolution
		{AFE06F3D-17D8-4B28-889C-668F76C2BBA0}.Debug|Any CPU.ActiveCfg = Debug|Any CPU
		{AFE06F3D-17D8-4B28-889C-668F76C2BBA0}.Debug|Any CPU.Build.0 = Debug|Any CPU
		{AFE06F3D-17D8-4B28-889C-668F76C2BBA0}.Release|Any CPU.ActiveCfg = Release|Any CPU
		{AFE06F3D-17D8-4B28-889C-668F76C2BBA0}.Release|Any CPU.Build.0 = Release|Any CPU
	EndGlobalSection
	GlobalSection(SolutionProperties) = preSolution
		HideSolutionNode = FALSE
	EndGlobalSection
	GlobalSection(ExtensibilityGlobals) = postSolution
		SolutionGuid = {712BBB43-BE55-4A41-931F-C0CA819C182A}
	EndGlobalSection
EndGlobal
